// !$*UTF8*$!
{
	archiveVersion = 1;
	classes = {
	};
	objectVersion = 47;
	objects = {

/* Begin PBXBuildFile section */
		1A2B6A8E1AE818D800E06757 /* RecipeCollectionViewController.m in Sources */ = {isa = PBXBuildFile; fileRef = 1A2B6A8D1AE818D800E06757 /* RecipeCollectionViewController.m */; };
		1A2B6A911AE819B700E06757 /* RecipeCollectionViewCell.m in Sources */ = {isa = PBXBuildFile; fileRef = 1A2B6A901AE819B700E06757 /* RecipeCollectionViewCell.m */; };
		1A2C90121AE5974F004EDBA6 /* Recipe.m in Sources */ = {isa = PBXBuildFile; fileRef = 1A2C90111AE5974F004EDBA6 /* Recipe.m */; };
		1A454D581AE55CB30061E90F /* DetailViewController.m in Sources */ = {isa = PBXBuildFile; fileRef = 1A454D571AE55CB30061E90F /* DetailViewController.m */; };
		1A454D5B1AE568F40061E90F /* AboutViewController.m in Sources */ = {isa = PBXBuildFile; fileRef = 1A454D5A1AE568F40061E90F /* AboutViewController.m */; };
		1A454D5E1AE5693B0061E90F /* about.jpg in Resources */ = {isa = PBXBuildFile; fileRef = 1A454D5C1AE5693B0061E90F /* about.jpg */; };
		1A454D5F1AE5693B0061E90F /* about.html in Resources */ = {isa = PBXBuildFile; fileRef = 1A454D5D1AE5693B0061E90F /* about.html */; };
		1A6B95B31ADD8EC5006A46CA /* main.m in Sources */ = {isa = PBXBuildFile; fileRef = 1A6B95B21ADD8EC5006A46CA /* main.m */; };
		1A6B95B61ADD8EC5006A46CA /* AppDelegate.m in Sources */ = {isa = PBXBuildFile; fileRef = 1A6B95B51ADD8EC5006A46CA /* AppDelegate.m */; };
		1A6B95BC1ADD8EC5006A46CA /* Main.storyboard in Resources */ = {isa = PBXBuildFile; fileRef = 1A6B95BA1ADD8EC5006A46CA /* Main.storyboard */; };
		1A6B95CD1ADD8EC5006A46CA /* CustomTableTests.m in Sources */ = {isa = PBXBuildFile; fileRef = 1A6B95CC1ADD8EC5006A46CA /* CustomTableTests.m */; };
		1A6B95DC1ADD929D006A46CA /* CustomTableViewController.m in Sources */ = {isa = PBXBuildFile; fileRef = 1A6B95DB1ADD929D006A46CA /* CustomTableViewController.m */; };
		1A6B95E41ADDA259006A46CA /* CustomTableViewCell.m in Sources */ = {isa = PBXBuildFile; fileRef = 1A6B95E31ADDA259006A46CA /* CustomTableViewCell.m */; };
		1A6B969C1AE034B7006A46CA /* recipes.plist in Resources */ = {isa = PBXBuildFile; fileRef = 1A6B969B1AE034B7006A46CA /* recipes.plist */; };
		1A96B14E1AE18109002A60D3 /* MyLaunch Screen.xib in Resources */ = {isa = PBXBuildFile; fileRef = 1A96B14D1AE18109002A60D3 /* MyLaunch Screen.xib */; };
		1A9EA4131AF2F21A0062A5F8 /* RecipeCollectionHeaderView.m in Sources */ = {isa = PBXBuildFile; fileRef = 1A9EA4121AF2F21A0062A5F8 /* RecipeCollectionHeaderView.m */; };
		1ADD9BFD1AF164AA00F3E323 /* Images.xcassets in Resources */ = {isa = PBXBuildFile; fileRef = 1ADD9BFC1AF164AA00F3E323 /* Images.xcassets */; };
/* End PBXBuildFile section */

/* Begin PBXContainerItemProxy section */
		1A6B95C71ADD8EC5006A46CA /* PBXContainerItemProxy */ = {
			isa = PBXContainerItemProxy;
			containerPortal = 1A6B95A51ADD8EC5006A46CA /* Project object */;
			proxyType = 1;
			remoteGlobalIDString = 1A6B95AC1ADD8EC5006A46CA;
			remoteInfo = CustomTable;
		};
/* End PBXContainerItemProxy section */

/* Begin PBXFileReference section */
		1A2B6A8C1AE818D800E06757 /* RecipeCollectionViewController.h */ = {isa = PBXFileReference; fileEncoding = 4; lastKnownFileType = sourcecode.c.h; path = RecipeCollectionViewController.h; sourceTree = "<group>"; };
		1A2B6A8D1AE818D800E06757 /* RecipeCollectionViewController.m */ = {isa = PBXFileReference; fileEncoding = 4; lastKnownFileType = sourcecode.c.objc; path = RecipeCollectionViewController.m; sourceTree = "<group>"; };
		1A2B6A8F1AE819B700E06757 /* RecipeCollectionViewCell.h */ = {isa = PBXFileReference; fileEncoding = 4; lastKnownFileType = sourcecode.c.h; path = RecipeCollectionViewCell.h; sourceTree = "<group>"; };
		1A2B6A901AE819B700E06757 /* RecipeCollectionViewCell.m */ = {isa = PBXFileReference; fileEncoding = 4; lastKnownFileType = sourcecode.c.objc; path = RecipeCollectionViewCell.m; sourceTree = "<group>"; };
		1A2C90101AE5974F004EDBA6 /* Recipe.h */ = {isa = PBXFileReference; fileEncoding = 4; lastKnownFileType = sourcecode.c.h; path = Recipe.h; sourceTree = "<group>"; };
		1A2C90111AE5974F004EDBA6 /* Recipe.m */ = {isa = PBXFileReference; fileEncoding = 4; lastKnownFileType = sourcecode.c.objc; path = Recipe.m; sourceTree = "<group>"; };
		1A454D561AE55CB30061E90F /* DetailViewController.h */ = {isa = PBXFileReference; fileEncoding = 4; lastKnownFileType = sourcecode.c.h; path = DetailViewController.h; sourceTree = "<group>"; };
		1A454D571AE55CB30061E90F /* DetailViewController.m */ = {isa = PBXFileReference; fileEncoding = 4; lastKnownFileType = sourcecode.c.objc; path = DetailViewController.m; sourceTree = "<group>"; };
		1A454D591AE568F40061E90F /* AboutViewController.h */ = {isa = PBXFileReference; fileEncoding = 4; lastKnownFileType = sourcecode.c.h; path = AboutViewController.h; sourceTree = "<group>"; };
		1A454D5A1AE568F40061E90F /* AboutViewController.m */ = {isa = PBXFileReference; fileEncoding = 4; lastKnownFileType = sourcecode.c.objc; path = AboutViewController.m; sourceTree = "<group>"; };
		1A454D5C1AE5693B0061E90F /* about.jpg */ = {isa = PBXFileReference; lastKnownFileType = image.jpeg; path = about.jpg; sourceTree = "<group>"; };
		1A454D5D1AE5693B0061E90F /* about.html */ = {isa = PBXFileReference; fileEncoding = 4; lastKnownFileType = text.html; path = about.html; sourceTree = "<group>"; };
		1A6B95AD1ADD8EC5006A46CA /* CustomTable.app */ = {isa = PBXFileReference; explicitFileType = wrapper.application; includeInIndex = 0; path = CustomTable.app; sourceTree = BUILT_PRODUCTS_DIR; };
		1A6B95B11ADD8EC5006A46CA /* Info.plist */ = {isa = PBXFileReference; lastKnownFileType = text.plist.xml; path = Info.plist; sourceTree = "<group>"; };
		1A6B95B21ADD8EC5006A46CA /* main.m */ = {isa = PBXFileReference; lastKnownFileType = sourcecode.c.objc; path = main.m; sourceTree = "<group>"; };
		1A6B95B41ADD8EC5006A46CA /* AppDelegate.h */ = {isa = PBXFileReference; lastKnownFileType = sourcecode.c.h; path = AppDelegate.h; sourceTree = "<group>"; };
		1A6B95B51ADD8EC5006A46CA /* AppDelegate.m */ = {isa = PBXFileReference; lastKnownFileType = sourcecode.c.objc; path = AppDelegate.m; sourceTree = "<group>"; };
		1A6B95BB1ADD8EC5006A46CA /* Base */ = {isa = PBXFileReference; lastKnownFileType = file.storyboard; name = Base; path = Base.lproj/Main.storyboard; sourceTree = "<group>"; };
		1A6B95C61ADD8EC5006A46CA /* CustomTableTests.xctest */ = {isa = PBXFileReference; explicitFileType = wrapper.cfbundle; includeInIndex = 0; path = CustomTableTests.xctest; sourceTree = BUILT_PRODUCTS_DIR; };
		1A6B95CB1ADD8EC5006A46CA /* Info.plist */ = {isa = PBXFileReference; lastKnownFileType = text.plist.xml; path = Info.plist; sourceTree = "<group>"; };
		1A6B95CC1ADD8EC5006A46CA /* CustomTableTests.m */ = {isa = PBXFileReference; lastKnownFileType = sourcecode.c.objc; path = CustomTableTests.m; sourceTree = "<group>"; };
		1A6B95DA1ADD929D006A46CA /* CustomTableViewController.h */ = {isa = PBXFileReference; fileEncoding = 4; lastKnownFileType = sourcecode.c.h; path = CustomTableViewController.h; sourceTree = "<group>"; };
		1A6B95DB1ADD929D006A46CA /* CustomTableViewController.m */ = {isa = PBXFileReference; fileEncoding = 4; lastKnownFileType = sourcecode.c.objc; path = CustomTableViewController.m; sourceTree = "<group>"; };
		1A6B95E21ADDA259006A46CA /* CustomTableViewCell.h */ = {isa = PBXFileReference; fileEncoding = 4; lastKnownFileType = sourcecode.c.h; path = CustomTableViewCell.h; sourceTree = "<group>"; };
		1A6B95E31ADDA259006A46CA /* CustomTableViewCell.m */ = {isa = PBXFileReference; fileEncoding = 4; lastKnownFileType = sourcecode.c.objc; path = CustomTableViewCell.m; sourceTree = "<group>"; };
		1A6B969B1AE034B7006A46CA /* recipes.plist */ = {isa = PBXFileReference; fileEncoding = 4; lastKnownFileType = text.plist.xml; path = recipes.plist; sourceTree = "<group>"; };
		1A96B14D1AE18109002A60D3 /* MyLaunch Screen.xib */ = {isa = PBXFileReference; fileEncoding = 4; lastKnownFileType = file.xib; name = "MyLaunch Screen.xib"; path = "../MyLaunch Screen.xib"; sourceTree = "<group>"; };
		1A9EA4111AF2F21A0062A5F8 /* RecipeCollectionHeaderView.h */ = {isa = PBXFileReference; fileEncoding = 4; lastKnownFileType = sourcecode.c.h; path = RecipeCollectionHeaderView.h; sourceTree = "<group>"; };
		1A9EA4121AF2F21A0062A5F8 /* RecipeCollectionHeaderView.m */ = {isa = PBXFileReference; fileEncoding = 4; lastKnownFileType = sourcecode.c.objc; path = RecipeCollectionHeaderView.m; sourceTree = "<group>"; };
		1ADD9BFC1AF164AA00F3E323 /* Images.xcassets */ = {isa = PBXFileReference; lastKnownFileType = folder.assetcatalog; path = Images.xcassets; sourceTree = "<group>"; };
/* End PBXFileReference section */

/* Begin PBXFrameworksBuildPhase section */
		1A6B95AA1ADD8EC5006A46CA /* Frameworks */ = {
			isa = PBXFrameworksBuildPhase;
			buildActionMask = 2147483647;
			files = (
			);
			runOnlyForDeploymentPostprocessing = 0;
		};
		1A6B95C31ADD8EC5006A46CA /* Frameworks */ = {
			isa = PBXFrameworksBuildPhase;
			buildActionMask = 2147483647;
			files = (
			);
			runOnlyForDeploymentPostprocessing = 0;
		};
/* End PBXFrameworksBuildPhase section */

/* Begin PBXGroup section */
		1A6B95A41ADD8EC5006A46CA = {
			isa = PBXGroup;
			children = (
				1A880AEE1AE7E7B80012582F /* Controllers */,
				1A6B95D61ADD922B006A46CA /* Models */,
				1A6B95AF1ADD8EC5006A46CA /* CustomTable */,
				1A6B95C91ADD8EC5006A46CA /* CustomTableTests */,
				1A6B95AE1ADD8EC5006A46CA /* Products */,
			);
			sourceTree = "<group>";
		};
		1A6B95AE1ADD8EC5006A46CA /* Products */ = {
			isa = PBXGroup;
			children = (
				1A6B95AD1ADD8EC5006A46CA /* CustomTable.app */,
				1A6B95C61ADD8EC5006A46CA /* CustomTableTests.xctest */,
			);
			name = Products;
			sourceTree = "<group>";
		};
		1A6B95AF1ADD8EC5006A46CA /* CustomTable */ = {
			isa = PBXGroup;
			children = (
				1A6B95B41ADD8EC5006A46CA /* AppDelegate.h */,
				1A6B95B51ADD8EC5006A46CA /* AppDelegate.m */,
				1A6B95BA1ADD8EC5006A46CA /* Main.storyboard */,
				1A96B14D1AE18109002A60D3 /* MyLaunch Screen.xib */,
				1A6B95B01ADD8EC5006A46CA /* Supporting Files */,
			);
			path = CustomTable;
			sourceTree = "<group>";
		};
		1A6B95B01ADD8EC5006A46CA /* Supporting Files */ = {
			isa = PBXGroup;
			children = (
				1ADD9BFC1AF164AA00F3E323 /* Images.xcassets */,
				1A454D5C1AE5693B0061E90F /* about.jpg */,
				1A454D5D1AE5693B0061E90F /* about.html */,
				1A6B969B1AE034B7006A46CA /* recipes.plist */,
				1A6B95B11ADD8EC5006A46CA /* Info.plist */,
				1A6B95B21ADD8EC5006A46CA /* main.m */,
			);
			name = "Supporting Files";
			sourceTree = "<group>";
		};
		1A6B95C91ADD8EC5006A46CA /* CustomTableTests */ = {
			isa = PBXGroup;
			children = (
				1A6B95CC1ADD8EC5006A46CA /* CustomTableTests.m */,
				1A6B95CA1ADD8EC5006A46CA /* Supporting Files */,
			);
			path = CustomTableTests;
			sourceTree = "<group>";
		};
		1A6B95CA1ADD8EC5006A46CA /* Supporting Files */ = {
			isa = PBXGroup;
			children = (
				1A6B95CB1ADD8EC5006A46CA /* Info.plist */,
			);
			name = "Supporting Files";
			sourceTree = "<group>";
		};
		1A6B95D61ADD922B006A46CA /* Models */ = {
			isa = PBXGroup;
			children = (
				1A6B95E21ADDA259006A46CA /* CustomTableViewCell.h */,
				1A6B95E31ADDA259006A46CA /* CustomTableViewCell.m */,
				1A2C90101AE5974F004EDBA6 /* Recipe.h */,
				1A2C90111AE5974F004EDBA6 /* Recipe.m */,
				1A2B6A8F1AE819B700E06757 /* RecipeCollectionViewCell.h */,
				1A2B6A901AE819B700E06757 /* RecipeCollectionViewCell.m */,
				1A9EA4111AF2F21A0062A5F8 /* RecipeCollectionHeaderView.h */,
				1A9EA4121AF2F21A0062A5F8 /* RecipeCollectionHeaderView.m */,
			);
			name = Models;
			sourceTree = "<group>";
		};
		1A880AEE1AE7E7B80012582F /* Controllers */ = {
			isa = PBXGroup;
			children = (
				1A454D591AE568F40061E90F /* AboutViewController.h */,
				1A454D5A1AE568F40061E90F /* AboutViewController.m */,
				1A6B95DA1ADD929D006A46CA /* CustomTableViewController.h */,
				1A6B95DB1ADD929D006A46CA /* CustomTableViewController.m */,
				1A454D561AE55CB30061E90F /* DetailViewController.h */,
				1A454D571AE55CB30061E90F /* DetailViewController.m */,
				1A2B6A8C1AE818D800E06757 /* RecipeCollectionViewController.h */,
				1A2B6A8D1AE818D800E06757 /* RecipeCollectionViewController.m */,
			);
			name = Controllers;
			sourceTree = "<group>";
		};
/* End PBXGroup section */

/* Begin PBXNativeTarget section */
		1A6B95AC1ADD8EC5006A46CA /* CustomTable */ = {
			isa = PBXNativeTarget;
			buildConfigurationList = 1A6B95D01ADD8EC5006A46CA /* Build configuration list for PBXNativeTarget "CustomTable" */;
			buildPhases = (
				1A6B95A91ADD8EC5006A46CA /* Sources */,
				1A6B95AA1ADD8EC5006A46CA /* Frameworks */,
				1A6B95AB1ADD8EC5006A46CA /* Resources */,
			);
			buildRules = (
			);
			dependencies = (
			);
			name = CustomTable;
			productName = CustomTable;
			productReference = 1A6B95AD1ADD8EC5006A46CA /* CustomTable.app */;
			productType = "com.apple.product-type.application";
		};
		1A6B95C51ADD8EC5006A46CA /* CustomTableTests */ = {
			isa = PBXNativeTarget;
			buildConfigurationList = 1A6B95D31ADD8EC5006A46CA /* Build configuration list for PBXNativeTarget "CustomTableTests" */;
			buildPhases = (
				1A6B95C21ADD8EC5006A46CA /* Sources */,
				1A6B95C31ADD8EC5006A46CA /* Frameworks */,
				1A6B95C41ADD8EC5006A46CA /* Resources */,
			);
			buildRules = (
			);
			dependencies = (
				1A6B95C81ADD8EC5006A46CA /* PBXTargetDependency */,
			);
			name = CustomTableTests;
			productName = CustomTableTests;
			productReference = 1A6B95C61ADD8EC5006A46CA /* CustomTableTests.xctest */;
			productType = "com.apple.product-type.bundle.unit-test";
		};
/* End PBXNativeTarget section */

/* Begin PBXProject section */
		1A6B95A51ADD8EC5006A46CA /* Project object */ = {
			isa = PBXProject;
			attributes = {
				LastUpgradeCheck = 0630;
				ORGANIZATIONNAME = "Yung Dai";
				TargetAttributes = {
					1A6B95AC1ADD8EC5006A46CA = {
						CreatedOnToolsVersion = 6.3;
						SystemCapabilities = {
							com.apple.OMC = {
								enabled = 0;
							};
						};
					};
					1A6B95C51ADD8EC5006A46CA = {
						CreatedOnToolsVersion = 6.3;
						TestTargetID = 1A6B95AC1ADD8EC5006A46CA;
					};
				};
			};
			buildConfigurationList = 1A6B95A81ADD8EC5006A46CA /* Build configuration list for PBXProject "CustomTable" */;
			compatibilityVersion = "Xcode 6.3";
			developmentRegion = English;
			hasScannedForEncodings = 0;
			knownRegions = (
				en,
				Base,
			);
			mainGroup = 1A6B95A41ADD8EC5006A46CA;
			productRefGroup = 1A6B95AE1ADD8EC5006A46CA /* Products */;
			projectDirPath = "";
			projectRoot = "";
			targets = (
				1A6B95AC1ADD8EC5006A46CA /* CustomTable */,
				1A6B95C51ADD8EC5006A46CA /* CustomTableTests */,
			);
		};
/* End PBXProject section */

/* Begin PBXResourcesBuildPhase section */
		1A6B95AB1ADD8EC5006A46CA /* Resources */ = {
			isa = PBXResourcesBuildPhase;
			buildActionMask = 2147483647;
			files = (
				1A454D5F1AE5693B0061E90F /* about.html in Resources */,
				1A454D5E1AE5693B0061E90F /* about.jpg in Resources */,
				1A6B95BC1ADD8EC5006A46CA /* Main.storyboard in Resources */,
				1ADD9BFD1AF164AA00F3E323 /* Images.xcassets in Resources */,
				1A6B969C1AE034B7006A46CA /* recipes.plist in Resources */,
				1A96B14E1AE18109002A60D3 /* MyLaunch Screen.xib in Resources */,
			);
			runOnlyForDeploymentPostprocessing = 0;
		};
		1A6B95C41ADD8EC5006A46CA /* Resources */ = {
			isa = PBXResourcesBuildPhase;
			buildActionMask = 2147483647;
			files = (
			);
			runOnlyForDeploymentPostprocessing = 0;
		};
/* End PBXResourcesBuildPhase section */

/* Begin PBXSourcesBuildPhase section */
		1A6B95A91ADD8EC5006A46CA /* Sources */ = {
			isa = PBXSourcesBuildPhase;
			buildActionMask = 2147483647;
			files = (
				1A454D5B1AE568F40061E90F /* AboutViewController.m in Sources */,
				1A2C90121AE5974F004EDBA6 /* Recipe.m in Sources */,
				1A454D581AE55CB30061E90F /* DetailViewController.m in Sources */,
				1A9EA4131AF2F21A0062A5F8 /* RecipeCollectionHeaderView.m in Sources */,
				1A6B95B61ADD8EC5006A46CA /* AppDelegate.m in Sources */,
				1A2B6A8E1AE818D800E06757 /* RecipeCollectionViewController.m in Sources */,
				1A2B6A911AE819B700E06757 /* RecipeCollectionViewCell.m in Sources */,
				1A6B95DC1ADD929D006A46CA /* CustomTableViewController.m in Sources */,
				1A6B95E41ADDA259006A46CA /* CustomTableViewCell.m in Sources */,
				1A6B95B31ADD8EC5006A46CA /* main.m in Sources */,
			);
			runOnlyForDeploymentPostprocessing = 0;
		};
		1A6B95C21ADD8EC5006A46CA /* Sources */ = {
			isa = PBXSourcesBuildPhase;
			buildActionMask = 2147483647;
			files = (
				1A6B95CD1ADD8EC5006A46CA /* CustomTableTests.m in Sources */,
			);
			runOnlyForDeploymentPostprocessing = 0;
		};
/* End PBXSourcesBuildPhase section */

/* Begin PBXTargetDependency section */
		1A6B95C81ADD8EC5006A46CA /* PBXTargetDependency */ = {
			isa = PBXTargetDependency;
			target = 1A6B95AC1ADD8EC5006A46CA /* CustomTable */;
			targetProxy = 1A6B95C71ADD8EC5006A46CA /* PBXContainerItemProxy */;
		};
/* End PBXTargetDependency section */

/* Begin PBXVariantGroup section */
		1A6B95BA1ADD8EC5006A46CA /* Main.storyboard */ = {
			isa = PBXVariantGroup;
			children = (
				1A6B95BB1ADD8EC5006A46CA /* Base */,
			);
			name = Main.storyboard;
			sourceTree = "<group>";
		};
/* End PBXVariantGroup section */

/* Begin XCBuildConfiguration section */
		1A6B95CE1ADD8EC5006A46CA /* Debug */ = {
			isa = XCBuildConfiguration;
			buildSettings = {
				ALWAYS_SEARCH_USER_PATHS = NO;
				CLANG_CXX_LANGUAGE_STANDARD = "gnu++0x";
				CLANG_CXX_LIBRARY = "libc++";
				CLANG_ENABLE_MODULES = YES;
				CLANG_ENABLE_OBJC_ARC = YES;
				CLANG_WARN_BOOL_CONVERSION = YES;
				CLANG_WARN_CONSTANT_CONVERSION = YES;
				CLANG_WARN_DIRECT_OBJC_ISA_USAGE = YES_ERROR;
				CLANG_WARN_EMPTY_BODY = YES;
				CLANG_WARN_ENUM_CONVERSION = YES;
				CLANG_WARN_INT_CONVERSION = YES;
				CLANG_WARN_OBJC_ROOT_CLASS = YES_ERROR;
				CLANG_WARN_UNREACHABLE_CODE = YES;
				CLANG_WARN__DUPLICATE_METHOD_MATCH = YES;
				"CODE_SIGN_IDENTITY[sdk=iphoneos*]" = "iPhone Developer";
				COPY_PHASE_STRIP = NO;
				DEBUG_INFORMATION_FORMAT = "dwarf-with-dsym";
				ENABLE_STRICT_OBJC_MSGSEND = YES;
				GCC_C_LANGUAGE_STANDARD = gnu99;
				GCC_DYNAMIC_NO_PIC = NO;
				GCC_NO_COMMON_BLOCKS = YES;
				GCC_OPTIMIZATION_LEVEL = 0;
				GCC_PREPROCESSOR_DEFINITIONS = (
					"DEBUG=1",
					"$(inherited)",
				);
				GCC_SYMBOLS_PRIVATE_EXTERN = NO;
				GCC_WARN_64_TO_32_BIT_CONVERSION = YES;
				GCC_WARN_ABOUT_RETURN_TYPE = YES_ERROR;
				GCC_WARN_UNDECLARED_SELECTOR = YES;
				GCC_WARN_UNINITIALIZED_AUTOS = YES_AGGRESSIVE;
				GCC_WARN_UNUSED_FUNCTION = YES;
				GCC_WARN_UNUSED_VARIABLE = YES;
				IPHONEOS_DEPLOYMENT_TARGET = 8.3;
				MTL_ENABLE_DEBUG_INFO = YES;
				ONLY_ACTIVE_ARCH = YES;
				SDKROOT = iphoneos;
			};
			name = Debug;
		};
		1A6B95CF1ADD8EC5006A46CA /* Release */ = {
			isa = XCBuildConfiguration;
			buildSettings = {
				ALWAYS_SEARCH_USER_PATHS = NO;
				CLANG_CXX_LANGUAGE_STANDARD = "gnu++0x";
				CLANG_CXX_LIBRARY = "libc++";
				CLANG_ENABLE_MODULES = YES;
				CLANG_ENABLE_OBJC_ARC = YES;
				CLANG_WARN_BOOL_CONVERSION = YES;
				CLANG_WARN_CONSTANT_CONVERSION = YES;
				CLANG_WARN_DIRECT_OBJC_ISA_USAGE = YES_ERROR;
				CLANG_WARN_EMPTY_BODY = YES;
				CLANG_WARN_ENUM_CONVERSION = YES;
				CLANG_WARN_INT_CONVERSION = YES;
				CLANG_WARN_OBJC_ROOT_CLASS = YES_ERROR;
				CLANG_WARN_UNREACHABLE_CODE = YES;
				CLANG_WARN__DUPLICATE_METHOD_MATCH = YES;
				"CODE_SIGN_IDENTITY[sdk=iphoneos*]" = "iPhone Developer";
				COPY_PHASE_STRIP = NO;
				DEBUG_INFORMATION_FORMAT = "dwarf-with-dsym";
				ENABLE_NS_ASSERTIONS = NO;
				ENABLE_STRICT_OBJC_MSGSEND = YES;
				GCC_C_LANGUAGE_STANDARD = gnu99;
				GCC_NO_COMMON_BLOCKS = YES;
				GCC_WARN_64_TO_32_BIT_CONVERSION = YES;
				GCC_WARN_ABOUT_RETURN_TYPE = YES_ERROR;
				GCC_WARN_UNDECLARED_SELECTOR = YES;
				GCC_WARN_UNINITIALIZED_AUTOS = YES_AGGRESSIVE;
				GCC_WARN_UNUSED_FUNCTION = YES;
				GCC_WARN_UNUSED_VARIABLE = YES;
				IPHONEOS_DEPLOYMENT_TARGET = 8.3;
				MTL_ENABLE_DEBUG_INFO = NO;
				SDKROOT = iphoneos;
				VALIDATE_PRODUCT = YES;
			};
			name = Release;
		};
		1A6B95D11ADD8EC5006A46CA /* Debug */ = {
			isa = XCBuildConfiguration;
			buildSettings = {
				ASSETCATALOG_COMPILER_APPICON_NAME = AppIcon;
				ASSETCATALOG_COMPILER_LAUNCHIMAGE_NAME = LaunchImage;
				CODE_SIGN_ENTITLEMENTS = "";
				CODE_SIGN_IDENTITY = "iPhone Developer";
				"CODE_SIGN_IDENTITY[sdk=iphoneos*]" = "iPhone Developer";
				INFOPLIST_FILE = CustomTable/Info.plist;
				LD_RUNPATH_SEARCH_PATHS = "$(inherited) @executable_path/Frameworks";
				PRODUCT_NAME = "$(TARGET_NAME)";
				PROVISIONING_PROFILE = "";
			};
			name = Debug;
		};
		1A6B95D21ADD8EC5006A46CA /* Release */ = {
			isa = XCBuildConfiguration;
			buildSettings = {
				ASSETCATALOG_COMPILER_APPICON_NAME = AppIcon;
				ASSETCATALOG_COMPILER_LAUNCHIMAGE_NAME = LaunchImage;
				CODE_SIGN_ENTITLEMENTS = "";
				CODE_SIGN_IDENTITY = "iPhone Developer";
				"CODE_SIGN_IDENTITY[sdk=iphoneos*]" = "iPhone Developer";
				INFOPLIST_FILE = CustomTable/Info.plist;
				LD_RUNPATH_SEARCH_PATHS = "$(inherited) @executable_path/Frameworks";
				PRODUCT_NAME = "$(TARGET_NAME)";
				PROVISIONING_PROFILE = "";
			};
			name = Release;
		};
		1A6B95D41ADD8EC5006A46CA /* Debug */ = {
			isa = XCBuildConfiguration;
			buildSettings = {
				BUNDLE_LOADER = "$(TEST_HOST)";
				FRAMEWORK_SEARCH_PATHS = (
					"$(SDKROOT)/Developer/Library/Frameworks",
					"$(inherited)",
				);
				GCC_PREPROCESSOR_DEFINITIONS = (
					"DEBUG=1",
					"$(inherited)",
				);
				INFOPLIST_FILE = CustomTableTests/Info.plist;
				LD_RUNPATH_SEARCH_PATHS = "$(inherited) @executable_path/Frameworks @loader_path/Frameworks";
				PRODUCT_NAME = "$(TARGET_NAME)";
				TEST_HOST = "$(BUILT_PRODUCTS_DIR)/CustomTable.app/CustomTable";
			};
			name = Debug;
		};
		1A6B95D51ADD8EC5006A46CA /* Release */ = {
			isa = XCBuildConfiguration;
			buildSettings = {
				BUNDLE_LOADER = "$(TEST_HOST)";
				FRAMEWORK_SEARCH_PATHS = (
					"$(SDKROOT)/Developer/Library/Frameworks",
					"$(inherited)",
				);
				INFOPLIST_FILE = CustomTableTests/Info.plist;
				LD_RUNPATH_SEARCH_PATHS = "$(inherited) @executable_path/Frameworks @loader_path/Frameworks";
				PRODUCT_NAME = "$(TARGET_NAME)";
				TEST_HOST = "$(BUILT_PRODUCTS_DIR)/CustomTable.app/CustomTable";
			};
			name = Release;
		};
/* End XCBuildConfiguration section */

/* Begin XCConfigurationList section */
		1A6B95A81ADD8EC5006A46CA /* Build configuration list for PBXProject "CustomTable" */ = {
			isa = XCConfigurationList;
			buildConfigurations = (
				1A6B95CE1ADD8EC5006A46CA /* Debug */,
				1A6B95CF1ADD8EC5006A46CA /* Release */,
			);
			defaultConfigurationIsVisible = 0;
			defaultConfigurationName = Release;
		};
		1A6B95D01ADD8EC5006A46CA /* Build configuration list for PBXNativeTarget "CustomTable" */ = {
			isa = XCConfigurationList;
			buildConfigurations = (
				1A6B95D11ADD8EC5006A46CA /* Debug */,
				1A6B95D21ADD8EC5006A46CA /* Release */,
			);
			defaultConfigurationIsVisible = 0;
			defaultConfigurationName = Release;
		};
		1A6B95D31ADD8EC5006A46CA /* Build configuration list for PBXNativeTarget "CustomTableTests" */ = {
			isa = XCConfigurationList;
			buildConfigurations = (
				1A6B95D41ADD8EC5006A46CA /* Debug */,
				1A6B95D51ADD8EC5006A46CA /* Release */,
			);
			defaultConfigurationIsVisible = 0;
			defaultConfigurationName = Release;
		};
/* End XCConfigurationList section */
	};
	rootObject = 1A6B95A51ADD8EC5006A46CA /* Project object */;
}
